
Microsoft Visual Studio Solution File, Format Version 12.00
# Visual Studio 15
Project("{FAE04EC0-301F-11D3-BF4B-00C04F79EFBC}") = "RegistrationForm.Android", "RegistrationForm.Android\RegistrationForm.Android.csproj", "{2333E63A-B826-425F-9810-141257A8D784}"
EndProject
Project("{FAE04EC0-301F-11D3-BF4B-00C04F79EFBC}") = "RegistrationForm.iOS", "RegistrationForm.iOS\RegistrationForm.iOS.csproj", "{B22A5BB2-F454-4E55-8567-24B4C584C60B}"
EndProject
Project("{FAE04EC0-301F-11D3-BF4B-00C04F79EFBC}") = "RegistrationForm", "RegistrationForm\RegistrationForm.csproj", "{D66BBAFA-81BD-4F72-A61B-06D979BE38E4}"
EndProject
Global
	GlobalSection(SolutionConfigurationPlatforms) = preSolution
		Debug|Any CPU = Debug|Any CPU
		Release|Any CPU = Release|Any CPU
		Debug|iPhoneSimulator = Debug|iPhoneSimulator
		Release|iPhoneSimulator = Release|iPhoneSimulator
		Debug|iPhone = Debug|iPhone
		Release|iPhone = Release|iPhone
		Ad-Hoc|iPhone = Ad-Hoc|iPhone
		AppStore|iPhone = AppStore|iPhone
	EndGlobalSection
	GlobalSection(ProjectConfigurationPlatforms) = postSolution
		{2333E63A-B826-425F-9810-141257A8D784}.Debug|Any CPU.ActiveCfg = Debug|Any CPU
		{2333E63A-B826-425F-9810-141257A8D784}.Debug|Any CPU.Build.0 = Debug|Any CPU
		{2333E63A-B826-425F-9810-141257A8D784}.Release|Any CPU.ActiveCfg = Release|Any CPU
		{2333E63A-B826-425F-9810-141257A8D784}.Release|Any CPU.Build.0 = Release|Any CPU
		{2333E63A-B826-425F-9810-141257A8D784}.Debug|iPhoneSimulator.ActiveCfg = Debug|Any CPU
		{2333E63A-B826-425F-9810-141257A8D784}.Debug|iPhoneSimulator.Build.0 = Debug|Any CPU
		{2333E63A-B826-425F-9810-141257A8D784}.Release|iPhoneSimulator.ActiveCfg = Release|Any CPU
		{2333E63A-B826-425F-9810-141257A8D784}.Release|iPhoneSimulator.Build.0 = Release|Any CPU
		{2333E63A-B826-425F-9810-141257A8D784}.Debug|iPhone.ActiveCfg = Debug|Any CPU
		{2333E63A-B826-425F-9810-141257A8D784}.Debug|iPhone.Build.0 = Debug|Any CPU
		{2333E63A-B826-425F-9810-141257A8D784}.Release|iPhone.ActiveCfg = Release|Any CPU
		{2333E63A-B826-425F-9810-141257A8D784}.Release|iPhone.Build.0 = Release|Any CPU
		{2333E63A-B826-425F-9810-141257A8D784}.Ad-Hoc|iPhone.ActiveCfg = Debug|Any CPU
		{2333E63A-B826-425F-9810-141257A8D784}.Ad-Hoc|iPhone.Build.0 = Debug|Any CPU
		{2333E63A-B826-425F-9810-141257A8D784}.AppStore|iPhone.ActiveCfg = Debug|Any CPU
		{2333E63A-B826-425F-9810-141257A8D784}.AppStore|iPhone.Build.0 = Debug|Any CPU
		{B22A5BB2-F454-4E55-8567-24B4C584C60B}.Debug|Any CPU.ActiveCfg = Debug|iPhoneSimulator
		{B22A5BB2-F454-4E55-8567-24B4C584C60B}.Debug|Any CPU.Build.0 = Debug|iPhoneSimulator
		{B22A5BB2-F454-4E55-8567-24B4C584C60B}.Release|Any CPU.ActiveCfg = Release|iPhoneSimulator
		{B22A5BB2-F454-4E55-8567-24B4C584C60B}.Release|Any CPU.Build.0 = Release|iPhoneSimulator
		{B22A5BB2-F454-4E55-8567-24B4C584C60B}.Debug|iPhoneSimulator.ActiveCfg = Debug|iPhoneSimulator
		{B22A5BB2-F454-4E55-8567-24B4C584C60B}.Debug|iPhoneSimulator.Build.0 = Debug|iPhoneSimulator
		{B22A5BB2-F454-4E55-8567-24B4C584C60B}.Release|iPhoneSimulator.ActiveCfg = Release|iPhoneSimulator
		{B22A5BB2-F454-4E55-8567-24B4C584C60B}.Release|iPhoneSimulator.Build.0 = Release|iPhoneSimulator
		{B22A5BB2-F454-4E55-8567-24B4C584C60B}.Debug|iPhone.ActiveCfg = Debug|iPhone
		{B22A5BB2-F454-4E55-8567-24B4C584C60B}.Debug|iPhone.Build.0 = Debug|iPhone
		{B22A5BB2-F454-4E55-8567-24B4C584C60B}.Release|iPhone.ActiveCfg = Release|iPhone
		{B22A5BB2-F454-4E55-8567-24B4C584C60B}.Release|iPhone.Build.0 = Release|iPhone
		{B22A5BB2-F454-4E55-8567-24B4C584C60B}.Ad-Hoc|iPhone.ActiveCfg = Ad-Hoc|iPhone
		{B22A5BB2-F454-4E55-8567-24B4C584C60B}.Ad-Hoc|iPhone.Build.0 = Ad-Hoc|iPhone
		{B22A5BB2-F454-4E55-8567-24B4C584C60B}.AppStore|iPhone.ActiveCfg = AppStore|iPhone
		{B22A5BB2-F454-4E55-8567-24B4C584C60B}.AppStore|iPhone.Build.0 = AppStore|iPhone
		{D66BBAFA-81BD-4F72-A61B-06D979BE38E4}.Debug|Any CPU.ActiveCfg = Debug|Any CPU
		{D66BBAFA-81BD-4F72-A61B-06D979BE38E4}.Debug|Any CPU.Build.0 = Debug|Any CPU
		{D66BBAFA-81BD-4F72-A61B-06D979BE38E4}.Release|Any CPU.ActiveCfg = Release|Any CPU
		{D66BBAFA-81BD-4F72-A61B-06D979BE38E4}.Release|Any CPU.Build.0 = Release|Any CPU
		{D66BBAFA-81BD-4F72-A61B-06D979BE38E4}.Debug|iPhoneSimulator.ActiveCfg = Debug|Any CPU
		{D66BBAFA-81BD-4F72-A61B-06D979BE38E4}.Debug|iPhoneSimulator.Build.0 = Debug|Any CPU
		{D66BBAFA-81BD-4F72-A61B-06D979BE38E4}.Release|iPhoneSimulator.ActiveCfg = Release|Any CPU
		{D66BBAFA-81BD-4F72-A61B-06D979BE38E4}.Release|iPhoneSimulator.Build.0 = Release|Any CPU
		{D66BBAFA-81BD-4F72-A61B-06D979BE38E4}.Debug|iPhone.ActiveCfg = Debug|Any CPU
		{D66BBAFA-81BD-4F72-A61B-06D979BE38E4}.Debug|iPhone.Build.0 = Debug|Any CPU
		{D66BBAFA-81BD-4F72-A61B-06D979BE38E4}.Release|iPhone.ActiveCfg = Release|Any CPU
		{D66BBAFA-81BD-4F72-A61B-06D979BE38E4}.Release|iPhone.Build.0 = Release|Any CPU
		{D66BBAFA-81BD-4F72-A61B-06D979BE38E4}.Ad-Hoc|iPhone.ActiveCfg = Debug|Any CPU
		{D66BBAFA-81BD-4F72-A61B-06D979BE38E4}.Ad-Hoc|iPhone.Build.0 = Debug|Any CPU
		{D66BBAFA-81BD-4F72-A61B-06D979BE38E4}.AppStore|iPhone.ActiveCfg = Debug|Any CPU
		{D66BBAFA-81BD-4F72-A61B-06D979BE38E4}.AppStore|iPhone.Build.0 = Debug|Any CPU
	EndGlobalSection
EndGlobal
